schema: '2.0'
stages:
  train:
    cmd: python src/train.py --multirun --config-name=train experiment=catdog_ex trainer.max_epochs=3
    deps:
    - path: configs/experiment/catdog_ex.yaml
      hash: md5
      md5: 959c64c29a91c7f7b4448e0c5cbc54f1
      size: 1215
    - path: data/cats_and_dogs_filtered
      hash: md5
      md5: c57d92307d2679437e80f6682cfaf521.dir
      size: 68556176
      nfiles: 3000
    - path: src/train.py
      hash: md5
      md5: 3e411636e7a0263ae80545bdb5e9413d
      size: 5276
  report_generation:
    cmd: python scripts/multirun_metrics_fetch.py
  test:
    cmd: python src/eval.py --config-name=eval experiment=catdog_ex
    deps:
    - path: configs/experiment/catdog_ex.yaml
      hash: md5
      md5: 959c64c29a91c7f7b4448e0c5cbc54f1
      size: 1215
    - path: src/eval.py
      hash: md5
      md5: 47a9e50a0213ee71ff67a97b71d1ca6e
      size: 3994
  infer:
    cmd: python src/infer.py --config-name=infer experiment=catdog_ex
    deps:
    - path: configs/experiment/catdog_ex.yaml
      hash: md5
      md5: 959c64c29a91c7f7b4448e0c5cbc54f1
      size: 1215
    - path: src/infer.py
      hash: md5
      md5: 1b360e17f7740c9bd6eba9c52e0dc5d2
      size: 4717
